// !$*UTF8*$!
{
	archiveVersion = 1;
	classes = {
	};
	objectVersion = 46;
	objects = {

/* Begin PBXBuildFile section */
		0453912B1A51515F0057A309 /* AppDelegate.swift in Sources */ = {isa = PBXBuildFile; fileRef = 0453912A1A51515F0057A309 /* AppDelegate.swift */; };
		0453912D1A51515F0057A309 /* ViewController.swift in Sources */ = {isa = PBXBuildFile; fileRef = 0453912C1A51515F0057A309 /* ViewController.swift */; };
		045391301A51515F0057A309 /* Main.storyboard in Resources */ = {isa = PBXBuildFile; fileRef = 0453912E1A51515F0057A309 /* Main.storyboard */; };
		045391321A51515F0057A309 /* Images.xcassets in Resources */ = {isa = PBXBuildFile; fileRef = 045391311A51515F0057A309 /* Images.xcassets */; };
		045391351A51515F0057A309 /* LaunchScreen.xib in Resources */ = {isa = PBXBuildFile; fileRef = 045391331A51515F0057A309 /* LaunchScreen.xib */; };
		045391411A51515F0057A309 /* __37Tests.swift in Sources */ = {isa = PBXBuildFile; fileRef = 045391401A51515F0057A309 /* __37Tests.swift */; };
/* End PBXBuildFile section */

/* Begin PBXContainerItemProxy section */
		0453913B1A51515F0057A309 /* PBXContainerItemProxy */ = {
			isa = PBXContainerItemProxy;
			containerPortal = 0453911D1A51515F0057A309 /* Project object */;
			proxyType = 1;
			remoteGlobalIDString = 045391241A51515F0057A309;
			remoteInfo = "4-37";
		};
/* End PBXContainerItemProxy section */

/* Begin PBXFileReference section */
		045391251A51515F0057A309 /* 4-37.app */ = {isa = PBXFileReference; explicitFileType = wrapper.application; includeInIndex = 0; path = "4-37.app"; sourceTree = BUILT_PRODUCTS_DIR; };
		045391291A51515F0057A309 /* Info.plist */ = {isa = PBXFileReference; lastKnownFileType = text.plist.xml; path = Info.plist; sourceTree = "<group>"; };
		0453912A1A51515F0057A309 /* AppDelegate.swift */ = {isa = PBXFileReference; lastKnownFileType = sourcecode.swift; path = AppDelegate.swift; sourceTree = "<group>"; };
		0453912C1A51515F0057A309 /* ViewController.swift */ = {isa = PBXFileReference; lastKnownFileType = sourcecode.swift; path = ViewController.swift; sourceTree = "<group>"; };
		0453912F1A51515F0057A309 /* Base */ = {isa = PBXFileReference; lastKnownFileType = file.storyboard; name = Base; path = Base.lproj/Main.storyboard; sourceTree = "<group>"; };
		045391311A51515F0057A309 /* Images.xcassets */ = {isa = PBXFileReference; lastKnownFileType = folder.assetcatalog; path = Images.xcassets; sourceTree = "<group>"; };
		045391341A51515F0057A309 /* Base */ = {isa = PBXFileReference; lastKnownFileType = file.xib; name = Base; path = Base.lproj/LaunchScreen.xib; sourceTree = "<group>"; };
		0453913A1A51515F0057A309 /* 4-37Tests.xctest */ = {isa = PBXFileReference; explicitFileType = wrapper.cfbundle; includeInIndex = 0; path = "4-37Tests.xctest"; sourceTree = BUILT_PRODUCTS_DIR; };
		0453913F1A51515F0057A309 /* Info.plist */ = {isa = PBXFileReference; lastKnownFileType = text.plist.xml; path = Info.plist; sourceTree = "<group>"; };
		045391401A51515F0057A309 /* __37Tests.swift */ = {isa = PBXFileReference; lastKnownFileType = sourcecode.swift; path = __37Tests.swift; sourceTree = "<group>"; };
/* End PBXFileReference section */

/* Begin PBXFrameworksBuildPhase section */
		045391221A51515F0057A309 /* Frameworks */ = {
			isa = PBXFrameworksBuildPhase;
			buildActionMask = 2147483647;
			files = (
			);
			runOnlyForDeploymentPostprocessing = 0;
		};
		045391371A51515F0057A309 /* Frameworks */ = {
			isa = PBXFrameworksBuildPhase;
			buildActionMask = 2147483647;
			files = (
			);
			runOnlyForDeploymentPostprocessing = 0;
		};
/* End PBXFrameworksBuildPhase section */

/* Begin PBXGroup section */
		0453911C1A51515F0057A309 = {
			isa = PBXGroup;
			children = (
				045391271A51515F0057A309 /* 4-37 */,
				0453913D1A51515F0057A309 /* 4-37Tests */,
				045391261A51515F0057A309 /* Products */,
			);
			sourceTree = "<group>";
		};
		045391261A51515F0057A309 /* Products */ = {
			isa = PBXGroup;
			children = (
				045391251A51515F0057A309 /* 4-37.app */,
				0453913A1A51515F0057A309 /* 4-37Tests.xctest */,
			);
			name = Products;
			sourceTree = "<group>";
		};
		045391271A51515F0057A309 /* 4-37 */ = {
			isa = PBXGroup;
			children = (
				0453912A1A51515F0057A309 /* AppDelegate.swift */,
				0453912C1A51515F0057A309 /* ViewController.swift */,
				0453912E1A51515F0057A309 /* Main.storyboard */,
				045391311A51515F0057A309 /* Images.xcassets */,
				045391331A51515F0057A309 /* LaunchScreen.xib */,
				045391281A51515F0057A309 /* Supporting Files */,
			);
			path = "4-37";
			sourceTree = "<group>";
		};
		045391281A51515F0057A309 /* Supporting Files */ = {
			isa = PBXGroup;
			children = (
				045391291A51515F0057A309 /* Info.plist */,
			);
			name = "Supporting Files";
			sourceTree = "<group>";
		};
		0453913D1A51515F0057A309 /* 4-37Tests */ = {
			isa = PBXGroup;
			children = (
				045391401A51515F0057A309 /* __37Tests.swift */,
				0453913E1A51515F0057A309 /* Supporting Files */,
			);
			path = "4-37Tests";
			sourceTree = "<group>";
		};
		0453913E1A51515F0057A309 /* Supporting Files */ = {
			isa = PBXGroup;
			children = (
				0453913F1A51515F0057A309 /* Info.plist */,
			);
			name = "Supporting Files";
			sourceTree = "<group>";
		};
/* End PBXGroup section */

/* Begin PBXNativeTarget section */
		045391241A51515F0057A309 /* 4-37 */ = {
			isa = PBXNativeTarget;
			buildConfigurationList = 045391441A51515F0057A309 /* Build configuration list for PBXNativeTarget "4-37" */;
			buildPhases = (
				045391211A51515F0057A309 /* Sources */,
				045391221A51515F0057A309 /* Frameworks */,
				045391231A51515F0057A309 /* Resources */,
			);
			buildRules = (
			);
			dependencies = (
			);
			name = "4-37";
			productName = "4-37";
			productReference = 045391251A51515F0057A309 /* 4-37.app */;
			productType = "com.apple.product-type.application";
		};
		045391391A51515F0057A309 /* 4-37Tests */ = {
			isa = PBXNativeTarget;
			buildConfigurationList = 045391471A51515F0057A309 /* Build configuration list for PBXNativeTarget "4-37Tests" */;
			buildPhases = (
				045391361A51515F0057A309 /* Sources */,
				045391371A51515F0057A309 /* Frameworks */,
				045391381A51515F0057A309 /* Resources */,
			);
			buildRules = (
			);
			dependencies = (
				0453913C1A51515F0057A309 /* PBXTargetDependency */,
			);
			name = "4-37Tests";
			productName = "4-37Tests";
			productReference = 0453913A1A51515F0057A309 /* 4-37Tests.xctest */;
			productType = "com.apple.product-type.bundle.unit-test";
		};
/* End PBXNativeTarget section */

/* Begin PBXProject section */
		0453911D1A51515F0057A309 /* Project object */ = {
			isa = PBXProject;
			attributes = {
				LastUpgradeCheck = 0600;
				ORGANIZATIONNAME = Mac;
				TargetAttributes = {
					045391241A51515F0057A309 = {
						CreatedOnToolsVersion = 6.0.1;
					};
					045391391A51515F0057A309 = {
						CreatedOnToolsVersion = 6.0.1;
						TestTargetID = 045391241A51515F0057A309;
					};
				};
			};
			buildConfigurationList = 045391201A51515F0057A309 /* Build configuration list for PBXProject "4-37" */;
			compatibilityVersion = "Xcode 3.2";
			developmentRegion = English;
			hasScannedForEncodings = 0;
			knownRegions = (
				en,
				Base,
			);
			mainGroup = 0453911C1A51515F0057A309;
			productRefGroup = 045391261A51515F0057A309 /* Products */;
			projectDirPath = "";
			projectRoot = "";
			targets = (
				045391241A51515F0057A309 /* 4-37 */,
				045391391A51515F0057A309 /* 4-37Tests */,
			);
		};
/* End PBXProject section */

/* Begin PBXResourcesBuildPhase section */
		045391231A51515F0057A309 /* Resources */ = {
			isa = PBXResourcesBuildPhase;
			buildActionMask = 2147483647;
			files = (
				045391301A51515F0057A309 /* Main.storyboard in Resources */,
				045391351A51515F0057A309 /* LaunchScreen.xib in Resources */,
				045391321A51515F0057A309 /* Images.xcassets in Resources */,
			);
			runOnlyForDeploymentPostprocessing = 0;
		};
		045391381A51515F0057A309 /* Resources */ = {
			isa = PBXResourcesBuildPhase;
			buildActionMask = 2147483647;
			files = (
			);
			runOnlyForDeploymentPostprocessing = 0;
		};
/* End PBXResourcesBuildPhase section */

/* Begin PBXSourcesBuildPhase section */
		045391211A51515F0057A309 /* Sources */ = {
			isa = PBXSourcesBuildPhase;
			buildActionMask = 2147483647;
			files = (
				0453912D1A51515F0057A309 /* ViewController.swift in Sources */,
				0453912B1A51515F0057A309 /* AppDelegate.swift in Sources */,
			);
			runOnlyForDeploymentPostprocessing = 0;
		};
		045391361A51515F0057A309 /* Sources */ = {
			isa = PBXSourcesBuildPhase;
			buildActionMask = 2147483647;
			files = (
				045391411A51515F0057A309 /* __37Tests.swift in Sources */,
			);
			runOnlyForDeploymentPostprocessing = 0;
		};
/* End PBXSourcesBuildPhase section */

/* Begin PBXTargetDependency section */
		0453913C1A51515F0057A309 /* PBXTargetDependency */ = {
			isa = PBXTargetDependency;
			target = 045391241A51515F0057A309 /* 4-37 */;
			targetProxy = 0453913B1A51515F0057A309 /* PBXContainerItemProxy */;
		};
/* End PBXTargetDependency section */

/* Begin PBXVariantGroup section */
		0453912E1A51515F0057A309 /* Main.storyboard */ = {
			isa = PBXVariantGroup;
			children = (
				0453912F1A51515F0057A309 /* Base */,
			);
			name = Main.storyboard;
			sourceTree = "<group>";
		};
		045391331A51515F0057A309 /* LaunchScreen.xib */ = {
			isa = PBXVariantGroup;
			children = (
				045391341A51515F0057A309 /* Base */,
			);
			name = LaunchScreen.xib;
			sourceTree = "<group>";
		};
/* End PBXVariantGroup section */

/* Begin XCBuildConfiguration section */
		045391421A51515F0057A309 /* Debug */ = {
			isa = XCBuildConfiguration;
			buildSettings = {
				ALWAYS_SEARCH_USER_PATHS = NO;
				CLANG_CXX_LANGUAGE_STANDARD = "gnu++0x";
				CLANG_CXX_LIBRARY = "libc++";
				CLANG_ENABLE_MODULES = YES;
				CLANG_ENABLE_OBJC_ARC = YES;
				CLANG_WARN_BOOL_CONVERSION = YES;
				CLANG_WARN_CONSTANT_CONVERSION = YES;
				CLANG_WARN_DIRECT_OBJC_ISA_USAGE = YES_ERROR;
				CLANG_WARN_EMPTY_BODY = YES;
				CLANG_WARN_ENUM_CONVERSION = YES;
				CLANG_WARN_INT_CONVERSION = YES;
				CLANG_WARN_OBJC_ROOT_CLASS = YES_ERROR;
				CLANG_WARN_UNREACHABLE_CODE = YES;
				CLANG_WARN__DUPLICATE_METHOD_MATCH = YES;
				"CODE_SIGN_IDENTITY[sdk=iphoneos*]" = "iPhone Developer";
				COPY_PHASE_STRIP = NO;
				ENABLE_STRICT_OBJC_MSGSEND = YES;
				GCC_C_LANGUAGE_STANDARD = gnu99;
				GCC_DYNAMIC_NO_PIC = NO;
				GCC_OPTIMIZATION_LEVEL = 0;
				GCC_PREPROCESSOR_DEFINITIONS = (
					"DEBUG=1",
					"$(inherited)",
				);
				GCC_SYMBOLS_PRIVATE_EXTERN = NO;
				GCC_WARN_64_TO_32_BIT_CONVERSION = YES;
				GCC_WARN_ABOUT_RETURN_TYPE = YES_ERROR;
				GCC_WARN_UNDECLARED_SELECTOR = YES;
				GCC_WARN_UNINITIALIZED_AUTOS = YES_AGGRESSIVE;
				GCC_WARN_UNUSED_FUNCTION = YES;
				GCC_WARN_UNUSED_VARIABLE = YES;
				IPHONEOS_DEPLOYMENT_TARGET = 8.0;
				MTL_ENABLE_DEBUG_INFO = YES;
				ONLY_ACTIVE_ARCH = YES;
				SDKROOT = iphoneos;
				SWIFT_OPTIMIZATION_LEVEL = "-Onone";
			};
			name = Debug;
		};
		045391431A51515F0057A309 /* Release */ = {
			isa = XCBuildConfiguration;
			buildSettings = {
				ALWAYS_SEARCH_USER_PATHS = NO;
				CLANG_CXX_LANGUAGE_STANDARD = "gnu++0x";
				CLANG_CXX_LIBRARY = "libc++";
				CLANG_ENABLE_MODULES = YES;
				CLANG_ENABLE_OBJC_ARC = YES;
				CLANG_WARN_BOOL_CONVERSION = YES;
				CLANG_WARN_CONSTANT_CONVERSION = YES;
				CLANG_WARN_DIRECT_OBJC_ISA_USAGE = YES_ERROR;
				CLANG_WARN_EMPTY_BODY = YES;
				CLANG_WARN_ENUM_CONVERSION = YES;
				CLANG_WARN_INT_CONVERSION = YES;
				CLANG_WARN_OBJC_ROOT_CLASS = YES_ERROR;
				CLANG_WARN_UNREACHABLE_CODE = YES;
				CLANG_WARN__DUPLICATE_METHOD_MATCH = YES;
				"CODE_SIGN_IDENTITY[sdk=iphoneos*]" = "iPhone Developer";
				COPY_PHASE_STRIP = YES;
				ENABLE_NS_ASSERTIONS = NO;
				ENABLE_STRICT_OBJC_MSGSEND = YES;
				GCC_C_LANGUAGE_STANDARD = gnu99;
				GCC_WARN_64_TO_32_BIT_CONVERSION = YES;
				GCC_WARN_ABOUT_RETURN_TYPE = YES_ERROR;
				GCC_WARN_UNDECLARED_SELECTOR = YES;
				GCC_WARN_UNINITIALIZED_AUTOS = YES_AGGRESSIVE;
				GCC_WARN_UNUSED_FUNCTION = YES;
				GCC_WARN_UNUSED_VARIABLE = YES;
				IPHONEOS_DEPLOYMENT_TARGET = 8.0;
				MTL_ENABLE_DEBUG_INFO = NO;
				SDKROOT = iphoneos;
				VALIDATE_PRODUCT = YES;
			};
			name = Release;
		};
		045391451A51515F0057A309 /* Debug */ = {
			isa = XCBuildConfiguration;
			buildSettings = {
				ASSETCATALOG_COMPILER_APPICON_NAME = AppIcon;
				INFOPLIST_FILE = "4-37/Info.plist";
				LD_RUNPATH_SEARCH_PATHS = "$(inherited) @executable_path/Frameworks";
				PRODUCT_NAME = "$(TARGET_NAME)";
			};
			name = Debug;
		};
		045391461A51515F0057A309 /* Release */ = {
			isa = XCBuildConfiguration;
			buildSettings = {
				ASSETCATALOG_COMPILER_APPICON_NAME = AppIcon;
				INFOPLIST_FILE = "4-37/Info.plist";
				LD_RUNPATH_SEARCH_PATHS = "$(inherited) @executable_path/Frameworks";
				PRODUCT_NAME = "$(TARGET_NAME)";
			};
			name = Release;
		};
		045391481A51515F0057A309 /* Debug */ = {
			isa = XCBuildConfiguration;
			buildSettings = {
				BUNDLE_LOADER = "$(TEST_HOST)";
				FRAMEWORK_SEARCH_PATHS = (
					"$(SDKROOT)/Developer/Library/Frameworks",
					"$(inherited)",
				);
				GCC_PREPROCESSOR_DEFINITIONS = (
					"DEBUG=1",
					"$(inherited)",
				);
				INFOPLIST_FILE = "4-37Tests/Info.plist";
				LD_RUNPATH_SEARCH_PATHS = "$(inherited) @executable_path/Frameworks @loader_path/Frameworks";
				PRODUCT_NAME = "$(TARGET_NAME)";
				TEST_HOST = "$(BUILT_PRODUCTS_DIR)/4-37.app/4-37";
			};
			name = Debug;
		};
		045391491A51515F0057A309 /* Release */ = {
			isa = XCBuildConfiguration;
			buildSettings = {
				BUNDLE_LOADER = "$(TEST_HOST)";
				FRAMEWORK_SEARCH_PATHS = (
					"$(SDKROOT)/Developer/Library/Frameworks",
					"$(inherited)",
				);
				INFOPLIST_FILE = "4-37Tests/Info.plist";
				LD_RUNPATH_SEARCH_PATHS = "$(inherited) @executable_path/Frameworks @loader_path/Frameworks";
				PRODUCT_NAME = "$(TARGET_NAME)";
				TEST_HOST = "$(BUILT_PRODUCTS_DIR)/4-37.app/4-37";
			};
			name = Release;
		};
/* End XCBuildConfiguration section */

/* Begin XCConfigurationList section */
		045391201A51515F0057A309 /* Build configuration list for PBXProject "4-37" */ = {
			isa = XCConfigurationList;
			buildConfigurations = (
				045391421A51515F0057A309 /* Debug */,
				045391431A51515F0057A309 /* Release */,
			);
			defaultConfigurationIsVisible = 0;
			defaultConfigurationName = Release;
		};
		045391441A51515F0057A309 /* Build configuration list for PBXNativeTarget "4-37" */ = {
			isa = XCConfigurationList;
			buildConfigurations = (
				045391451A51515F0057A309 /* Debug */,
				045391461A51515F0057A309 /* Release */,
			);
			defaultConfigurationIsVisible = 0;
		};
		045391471A51515F0057A309 /* Build configuration list for PBXNativeTarget "4-37Tests" */ = {
			isa = XCConfigurationList;
			buildConfigurations = (
				045391481A51515F0057A309 /* Debug */,
				045391491A51515F0057A309 /* Release */,
			);
			defaultConfigurationIsVisible = 0;
		};
/* End XCConfigurationList section */
	};
	rootObject = 0453911D1A51515F0057A309 /* Project object */;
}
