// !$*UTF8*$!
{
	archiveVersion = 1;
	classes = {
	};
	objectVersion = 46;
	objects = {

/* Begin PBXBuildFile section */
		044F05541A4828B30077ADD0 /* AppDelegate.swift in Sources */ = {isa = PBXBuildFile; fileRef = 044F05531A4828B30077ADD0 /* AppDelegate.swift */; };
		044F05561A4828B30077ADD0 /* ViewController.swift in Sources */ = {isa = PBXBuildFile; fileRef = 044F05551A4828B30077ADD0 /* ViewController.swift */; };
		044F05591A4828B30077ADD0 /* Main.storyboard in Resources */ = {isa = PBXBuildFile; fileRef = 044F05571A4828B30077ADD0 /* Main.storyboard */; };
		044F055B1A4828B30077ADD0 /* Images.xcassets in Resources */ = {isa = PBXBuildFile; fileRef = 044F055A1A4828B30077ADD0 /* Images.xcassets */; };
		044F055E1A4828B30077ADD0 /* LaunchScreen.xib in Resources */ = {isa = PBXBuildFile; fileRef = 044F055C1A4828B30077ADD0 /* LaunchScreen.xib */; };
		044F056A1A4828B30077ADD0 /* __48Tests.swift in Sources */ = {isa = PBXBuildFile; fileRef = 044F05691A4828B30077ADD0 /* __48Tests.swift */; };
/* End PBXBuildFile section */

/* Begin PBXContainerItemProxy section */
		044F05641A4828B30077ADD0 /* PBXContainerItemProxy */ = {
			isa = PBXContainerItemProxy;
			containerPortal = 044F05461A4828B30077ADD0 /* Project object */;
			proxyType = 1;
			remoteGlobalIDString = 044F054D1A4828B30077ADD0;
			remoteInfo = "4-48";
		};
/* End PBXContainerItemProxy section */

/* Begin PBXFileReference section */
		044F054E1A4828B30077ADD0 /* 4-48.app */ = {isa = PBXFileReference; explicitFileType = wrapper.application; includeInIndex = 0; path = "4-48.app"; sourceTree = BUILT_PRODUCTS_DIR; };
		044F05521A4828B30077ADD0 /* Info.plist */ = {isa = PBXFileReference; lastKnownFileType = text.plist.xml; path = Info.plist; sourceTree = "<group>"; };
		044F05531A4828B30077ADD0 /* AppDelegate.swift */ = {isa = PBXFileReference; lastKnownFileType = sourcecode.swift; path = AppDelegate.swift; sourceTree = "<group>"; };
		044F05551A4828B30077ADD0 /* ViewController.swift */ = {isa = PBXFileReference; lastKnownFileType = sourcecode.swift; path = ViewController.swift; sourceTree = "<group>"; };
		044F05581A4828B30077ADD0 /* Base */ = {isa = PBXFileReference; lastKnownFileType = file.storyboard; name = Base; path = Base.lproj/Main.storyboard; sourceTree = "<group>"; };
		044F055A1A4828B30077ADD0 /* Images.xcassets */ = {isa = PBXFileReference; lastKnownFileType = folder.assetcatalog; path = Images.xcassets; sourceTree = "<group>"; };
		044F055D1A4828B30077ADD0 /* Base */ = {isa = PBXFileReference; lastKnownFileType = file.xib; name = Base; path = Base.lproj/LaunchScreen.xib; sourceTree = "<group>"; };
		044F05631A4828B30077ADD0 /* 4-48Tests.xctest */ = {isa = PBXFileReference; explicitFileType = wrapper.cfbundle; includeInIndex = 0; path = "4-48Tests.xctest"; sourceTree = BUILT_PRODUCTS_DIR; };
		044F05681A4828B30077ADD0 /* Info.plist */ = {isa = PBXFileReference; lastKnownFileType = text.plist.xml; path = Info.plist; sourceTree = "<group>"; };
		044F05691A4828B30077ADD0 /* __48Tests.swift */ = {isa = PBXFileReference; lastKnownFileType = sourcecode.swift; path = __48Tests.swift; sourceTree = "<group>"; };
/* End PBXFileReference section */

/* Begin PBXFrameworksBuildPhase section */
		044F054B1A4828B30077ADD0 /* Frameworks */ = {
			isa = PBXFrameworksBuildPhase;
			buildActionMask = 2147483647;
			files = (
			);
			runOnlyForDeploymentPostprocessing = 0;
		};
		044F05601A4828B30077ADD0 /* Frameworks */ = {
			isa = PBXFrameworksBuildPhase;
			buildActionMask = 2147483647;
			files = (
			);
			runOnlyForDeploymentPostprocessing = 0;
		};
/* End PBXFrameworksBuildPhase section */

/* Begin PBXGroup section */
		044F05451A4828B30077ADD0 = {
			isa = PBXGroup;
			children = (
				044F05501A4828B30077ADD0 /* 4-48 */,
				044F05661A4828B30077ADD0 /* 4-48Tests */,
				044F054F1A4828B30077ADD0 /* Products */,
			);
			sourceTree = "<group>";
		};
		044F054F1A4828B30077ADD0 /* Products */ = {
			isa = PBXGroup;
			children = (
				044F054E1A4828B30077ADD0 /* 4-48.app */,
				044F05631A4828B30077ADD0 /* 4-48Tests.xctest */,
			);
			name = Products;
			sourceTree = "<group>";
		};
		044F05501A4828B30077ADD0 /* 4-48 */ = {
			isa = PBXGroup;
			children = (
				044F05531A4828B30077ADD0 /* AppDelegate.swift */,
				044F05551A4828B30077ADD0 /* ViewController.swift */,
				044F05571A4828B30077ADD0 /* Main.storyboard */,
				044F055A1A4828B30077ADD0 /* Images.xcassets */,
				044F055C1A4828B30077ADD0 /* LaunchScreen.xib */,
				044F05511A4828B30077ADD0 /* Supporting Files */,
			);
			path = "4-48";
			sourceTree = "<group>";
		};
		044F05511A4828B30077ADD0 /* Supporting Files */ = {
			isa = PBXGroup;
			children = (
				044F05521A4828B30077ADD0 /* Info.plist */,
			);
			name = "Supporting Files";
			sourceTree = "<group>";
		};
		044F05661A4828B30077ADD0 /* 4-48Tests */ = {
			isa = PBXGroup;
			children = (
				044F05691A4828B30077ADD0 /* __48Tests.swift */,
				044F05671A4828B30077ADD0 /* Supporting Files */,
			);
			path = "4-48Tests";
			sourceTree = "<group>";
		};
		044F05671A4828B30077ADD0 /* Supporting Files */ = {
			isa = PBXGroup;
			children = (
				044F05681A4828B30077ADD0 /* Info.plist */,
			);
			name = "Supporting Files";
			sourceTree = "<group>";
		};
/* End PBXGroup section */

/* Begin PBXNativeTarget section */
		044F054D1A4828B30077ADD0 /* 4-48 */ = {
			isa = PBXNativeTarget;
			buildConfigurationList = 044F056D1A4828B30077ADD0 /* Build configuration list for PBXNativeTarget "4-48" */;
			buildPhases = (
				044F054A1A4828B30077ADD0 /* Sources */,
				044F054B1A4828B30077ADD0 /* Frameworks */,
				044F054C1A4828B30077ADD0 /* Resources */,
			);
			buildRules = (
			);
			dependencies = (
			);
			name = "4-48";
			productName = "4-48";
			productReference = 044F054E1A4828B30077ADD0 /* 4-48.app */;
			productType = "com.apple.product-type.application";
		};
		044F05621A4828B30077ADD0 /* 4-48Tests */ = {
			isa = PBXNativeTarget;
			buildConfigurationList = 044F05701A4828B30077ADD0 /* Build configuration list for PBXNativeTarget "4-48Tests" */;
			buildPhases = (
				044F055F1A4828B30077ADD0 /* Sources */,
				044F05601A4828B30077ADD0 /* Frameworks */,
				044F05611A4828B30077ADD0 /* Resources */,
			);
			buildRules = (
			);
			dependencies = (
				044F05651A4828B30077ADD0 /* PBXTargetDependency */,
			);
			name = "4-48Tests";
			productName = "4-48Tests";
			productReference = 044F05631A4828B30077ADD0 /* 4-48Tests.xctest */;
			productType = "com.apple.product-type.bundle.unit-test";
		};
/* End PBXNativeTarget section */

/* Begin PBXProject section */
		044F05461A4828B30077ADD0 /* Project object */ = {
			isa = PBXProject;
			attributes = {
				LastUpgradeCheck = 0600;
				ORGANIZATIONNAME = Mac;
				TargetAttributes = {
					044F054D1A4828B30077ADD0 = {
						CreatedOnToolsVersion = 6.0.1;
					};
					044F05621A4828B30077ADD0 = {
						CreatedOnToolsVersion = 6.0.1;
						TestTargetID = 044F054D1A4828B30077ADD0;
					};
				};
			};
			buildConfigurationList = 044F05491A4828B30077ADD0 /* Build configuration list for PBXProject "4-48" */;
			compatibilityVersion = "Xcode 3.2";
			developmentRegion = English;
			hasScannedForEncodings = 0;
			knownRegions = (
				en,
				Base,
			);
			mainGroup = 044F05451A4828B30077ADD0;
			productRefGroup = 044F054F1A4828B30077ADD0 /* Products */;
			projectDirPath = "";
			projectRoot = "";
			targets = (
				044F054D1A4828B30077ADD0 /* 4-48 */,
				044F05621A4828B30077ADD0 /* 4-48Tests */,
			);
		};
/* End PBXProject section */

/* Begin PBXResourcesBuildPhase section */
		044F054C1A4828B30077ADD0 /* Resources */ = {
			isa = PBXResourcesBuildPhase;
			buildActionMask = 2147483647;
			files = (
				044F05591A4828B30077ADD0 /* Main.storyboard in Resources */,
				044F055E1A4828B30077ADD0 /* LaunchScreen.xib in Resources */,
				044F055B1A4828B30077ADD0 /* Images.xcassets in Resources */,
			);
			runOnlyForDeploymentPostprocessing = 0;
		};
		044F05611A4828B30077ADD0 /* Resources */ = {
			isa = PBXResourcesBuildPhase;
			buildActionMask = 2147483647;
			files = (
			);
			runOnlyForDeploymentPostprocessing = 0;
		};
/* End PBXResourcesBuildPhase section */

/* Begin PBXSourcesBuildPhase section */
		044F054A1A4828B30077ADD0 /* Sources */ = {
			isa = PBXSourcesBuildPhase;
			buildActionMask = 2147483647;
			files = (
				044F05561A4828B30077ADD0 /* ViewController.swift in Sources */,
				044F05541A4828B30077ADD0 /* AppDelegate.swift in Sources */,
			);
			runOnlyForDeploymentPostprocessing = 0;
		};
		044F055F1A4828B30077ADD0 /* Sources */ = {
			isa = PBXSourcesBuildPhase;
			buildActionMask = 2147483647;
			files = (
				044F056A1A4828B30077ADD0 /* __48Tests.swift in Sources */,
			);
			runOnlyForDeploymentPostprocessing = 0;
		};
/* End PBXSourcesBuildPhase section */

/* Begin PBXTargetDependency section */
		044F05651A4828B30077ADD0 /* PBXTargetDependency */ = {
			isa = PBXTargetDependency;
			target = 044F054D1A4828B30077ADD0 /* 4-48 */;
			targetProxy = 044F05641A4828B30077ADD0 /* PBXContainerItemProxy */;
		};
/* End PBXTargetDependency section */

/* Begin PBXVariantGroup section */
		044F05571A4828B30077ADD0 /* Main.storyboard */ = {
			isa = PBXVariantGroup;
			children = (
				044F05581A4828B30077ADD0 /* Base */,
			);
			name = Main.storyboard;
			sourceTree = "<group>";
		};
		044F055C1A4828B30077ADD0 /* LaunchScreen.xib */ = {
			isa = PBXVariantGroup;
			children = (
				044F055D1A4828B30077ADD0 /* Base */,
			);
			name = LaunchScreen.xib;
			sourceTree = "<group>";
		};
/* End PBXVariantGroup section */

/* Begin XCBuildConfiguration section */
		044F056B1A4828B30077ADD0 /* Debug */ = {
			isa = XCBuildConfiguration;
			buildSettings = {
				ALWAYS_SEARCH_USER_PATHS = NO;
				CLANG_CXX_LANGUAGE_STANDARD = "gnu++0x";
				CLANG_CXX_LIBRARY = "libc++";
				CLANG_ENABLE_MODULES = YES;
				CLANG_ENABLE_OBJC_ARC = YES;
				CLANG_WARN_BOOL_CONVERSION = YES;
				CLANG_WARN_CONSTANT_CONVERSION = YES;
				CLANG_WARN_DIRECT_OBJC_ISA_USAGE = YES_ERROR;
				CLANG_WARN_EMPTY_BODY = YES;
				CLANG_WARN_ENUM_CONVERSION = YES;
				CLANG_WARN_INT_CONVERSION = YES;
				CLANG_WARN_OBJC_ROOT_CLASS = YES_ERROR;
				CLANG_WARN_UNREACHABLE_CODE = YES;
				CLANG_WARN__DUPLICATE_METHOD_MATCH = YES;
				"CODE_SIGN_IDENTITY[sdk=iphoneos*]" = "iPhone Developer";
				COPY_PHASE_STRIP = NO;
				ENABLE_STRICT_OBJC_MSGSEND = YES;
				GCC_C_LANGUAGE_STANDARD = gnu99;
				GCC_DYNAMIC_NO_PIC = NO;
				GCC_OPTIMIZATION_LEVEL = 0;
				GCC_PREPROCESSOR_DEFINITIONS = (
					"DEBUG=1",
					"$(inherited)",
				);
				GCC_SYMBOLS_PRIVATE_EXTERN = NO;
				GCC_WARN_64_TO_32_BIT_CONVERSION = YES;
				GCC_WARN_ABOUT_RETURN_TYPE = YES_ERROR;
				GCC_WARN_UNDECLARED_SELECTOR = YES;
				GCC_WARN_UNINITIALIZED_AUTOS = YES_AGGRESSIVE;
				GCC_WARN_UNUSED_FUNCTION = YES;
				GCC_WARN_UNUSED_VARIABLE = YES;
				IPHONEOS_DEPLOYMENT_TARGET = 8.0;
				MTL_ENABLE_DEBUG_INFO = YES;
				ONLY_ACTIVE_ARCH = YES;
				SDKROOT = iphoneos;
				SWIFT_OPTIMIZATION_LEVEL = "-Onone";
			};
			name = Debug;
		};
		044F056C1A4828B30077ADD0 /* Release */ = {
			isa = XCBuildConfiguration;
			buildSettings = {
				ALWAYS_SEARCH_USER_PATHS = NO;
				CLANG_CXX_LANGUAGE_STANDARD = "gnu++0x";
				CLANG_CXX_LIBRARY = "libc++";
				CLANG_ENABLE_MODULES = YES;
				CLANG_ENABLE_OBJC_ARC = YES;
				CLANG_WARN_BOOL_CONVERSION = YES;
				CLANG_WARN_CONSTANT_CONVERSION = YES;
				CLANG_WARN_DIRECT_OBJC_ISA_USAGE = YES_ERROR;
				CLANG_WARN_EMPTY_BODY = YES;
				CLANG_WARN_ENUM_CONVERSION = YES;
				CLANG_WARN_INT_CONVERSION = YES;
				CLANG_WARN_OBJC_ROOT_CLASS = YES_ERROR;
				CLANG_WARN_UNREACHABLE_CODE = YES;
				CLANG_WARN__DUPLICATE_METHOD_MATCH = YES;
				"CODE_SIGN_IDENTITY[sdk=iphoneos*]" = "iPhone Developer";
				COPY_PHASE_STRIP = YES;
				ENABLE_NS_ASSERTIONS = NO;
				ENABLE_STRICT_OBJC_MSGSEND = YES;
				GCC_C_LANGUAGE_STANDARD = gnu99;
				GCC_WARN_64_TO_32_BIT_CONVERSION = YES;
				GCC_WARN_ABOUT_RETURN_TYPE = YES_ERROR;
				GCC_WARN_UNDECLARED_SELECTOR = YES;
				GCC_WARN_UNINITIALIZED_AUTOS = YES_AGGRESSIVE;
				GCC_WARN_UNUSED_FUNCTION = YES;
				GCC_WARN_UNUSED_VARIABLE = YES;
				IPHONEOS_DEPLOYMENT_TARGET = 8.0;
				MTL_ENABLE_DEBUG_INFO = NO;
				SDKROOT = iphoneos;
				VALIDATE_PRODUCT = YES;
			};
			name = Release;
		};
		044F056E1A4828B30077ADD0 /* Debug */ = {
			isa = XCBuildConfiguration;
			buildSettings = {
				ASSETCATALOG_COMPILER_APPICON_NAME = AppIcon;
				INFOPLIST_FILE = "4-48/Info.plist";
				LD_RUNPATH_SEARCH_PATHS = "$(inherited) @executable_path/Frameworks";
				PRODUCT_NAME = "$(TARGET_NAME)";
			};
			name = Debug;
		};
		044F056F1A4828B30077ADD0 /* Release */ = {
			isa = XCBuildConfiguration;
			buildSettings = {
				ASSETCATALOG_COMPILER_APPICON_NAME = AppIcon;
				INFOPLIST_FILE = "4-48/Info.plist";
				LD_RUNPATH_SEARCH_PATHS = "$(inherited) @executable_path/Frameworks";
				PRODUCT_NAME = "$(TARGET_NAME)";
			};
			name = Release;
		};
		044F05711A4828B30077ADD0 /* Debug */ = {
			isa = XCBuildConfiguration;
			buildSettings = {
				BUNDLE_LOADER = "$(TEST_HOST)";
				FRAMEWORK_SEARCH_PATHS = (
					"$(SDKROOT)/Developer/Library/Frameworks",
					"$(inherited)",
				);
				GCC_PREPROCESSOR_DEFINITIONS = (
					"DEBUG=1",
					"$(inherited)",
				);
				INFOPLIST_FILE = "4-48Tests/Info.plist";
				LD_RUNPATH_SEARCH_PATHS = "$(inherited) @executable_path/Frameworks @loader_path/Frameworks";
				PRODUCT_NAME = "$(TARGET_NAME)";
				TEST_HOST = "$(BUILT_PRODUCTS_DIR)/4-48.app/4-48";
			};
			name = Debug;
		};
		044F05721A4828B30077ADD0 /* Release */ = {
			isa = XCBuildConfiguration;
			buildSettings = {
				BUNDLE_LOADER = "$(TEST_HOST)";
				FRAMEWORK_SEARCH_PATHS = (
					"$(SDKROOT)/Developer/Library/Frameworks",
					"$(inherited)",
				);
				INFOPLIST_FILE = "4-48Tests/Info.plist";
				LD_RUNPATH_SEARCH_PATHS = "$(inherited) @executable_path/Frameworks @loader_path/Frameworks";
				PRODUCT_NAME = "$(TARGET_NAME)";
				TEST_HOST = "$(BUILT_PRODUCTS_DIR)/4-48.app/4-48";
			};
			name = Release;
		};
/* End XCBuildConfiguration section */

/* Begin XCConfigurationList section */
		044F05491A4828B30077ADD0 /* Build configuration list for PBXProject "4-48" */ = {
			isa = XCConfigurationList;
			buildConfigurations = (
				044F056B1A4828B30077ADD0 /* Debug */,
				044F056C1A4828B30077ADD0 /* Release */,
			);
			defaultConfigurationIsVisible = 0;
			defaultConfigurationName = Release;
		};
		044F056D1A4828B30077ADD0 /* Build configuration list for PBXNativeTarget "4-48" */ = {
			isa = XCConfigurationList;
			buildConfigurations = (
				044F056E1A4828B30077ADD0 /* Debug */,
				044F056F1A4828B30077ADD0 /* Release */,
			);
			defaultConfigurationIsVisible = 0;
		};
		044F05701A4828B30077ADD0 /* Build configuration list for PBXNativeTarget "4-48Tests" */ = {
			isa = XCConfigurationList;
			buildConfigurations = (
				044F05711A4828B30077ADD0 /* Debug */,
				044F05721A4828B30077ADD0 /* Release */,
			);
			defaultConfigurationIsVisible = 0;
		};
/* End XCConfigurationList section */
	};
	rootObject = 044F05461A4828B30077ADD0 /* Project object */;
}
