// !$*UTF8*$!
{
	archiveVersion = 1;
	classes = {
	};
	objectVersion = 46;
	objects = {

/* Begin PBXBuildFile section */
		04D6FC781A4EBDB1008EB4F1 /* AppDelegate.swift in Sources */ = {isa = PBXBuildFile; fileRef = 04D6FC771A4EBDB1008EB4F1 /* AppDelegate.swift */; };
		04D6FC7A1A4EBDB1008EB4F1 /* ViewController.swift in Sources */ = {isa = PBXBuildFile; fileRef = 04D6FC791A4EBDB1008EB4F1 /* ViewController.swift */; };
		04D6FC7D1A4EBDB1008EB4F1 /* Main.storyboard in Resources */ = {isa = PBXBuildFile; fileRef = 04D6FC7B1A4EBDB1008EB4F1 /* Main.storyboard */; };
		04D6FC7F1A4EBDB1008EB4F1 /* Images.xcassets in Resources */ = {isa = PBXBuildFile; fileRef = 04D6FC7E1A4EBDB1008EB4F1 /* Images.xcassets */; };
		04D6FC821A4EBDB1008EB4F1 /* LaunchScreen.xib in Resources */ = {isa = PBXBuildFile; fileRef = 04D6FC801A4EBDB1008EB4F1 /* LaunchScreen.xib */; };
		04D6FC8E1A4EBDB1008EB4F1 /* __16Tests.swift in Sources */ = {isa = PBXBuildFile; fileRef = 04D6FC8D1A4EBDB1008EB4F1 /* __16Tests.swift */; };
/* End PBXBuildFile section */

/* Begin PBXContainerItemProxy section */
		04D6FC881A4EBDB1008EB4F1 /* PBXContainerItemProxy */ = {
			isa = PBXContainerItemProxy;
			containerPortal = 04D6FC6A1A4EBDB1008EB4F1 /* Project object */;
			proxyType = 1;
			remoteGlobalIDString = 04D6FC711A4EBDB1008EB4F1;
			remoteInfo = "4-16";
		};
/* End PBXContainerItemProxy section */

/* Begin PBXFileReference section */
		04D6FC721A4EBDB1008EB4F1 /* 4-16.app */ = {isa = PBXFileReference; explicitFileType = wrapper.application; includeInIndex = 0; path = "4-16.app"; sourceTree = BUILT_PRODUCTS_DIR; };
		04D6FC761A4EBDB1008EB4F1 /* Info.plist */ = {isa = PBXFileReference; lastKnownFileType = text.plist.xml; path = Info.plist; sourceTree = "<group>"; };
		04D6FC771A4EBDB1008EB4F1 /* AppDelegate.swift */ = {isa = PBXFileReference; lastKnownFileType = sourcecode.swift; path = AppDelegate.swift; sourceTree = "<group>"; };
		04D6FC791A4EBDB1008EB4F1 /* ViewController.swift */ = {isa = PBXFileReference; lastKnownFileType = sourcecode.swift; path = ViewController.swift; sourceTree = "<group>"; };
		04D6FC7C1A4EBDB1008EB4F1 /* Base */ = {isa = PBXFileReference; lastKnownFileType = file.storyboard; name = Base; path = Base.lproj/Main.storyboard; sourceTree = "<group>"; };
		04D6FC7E1A4EBDB1008EB4F1 /* Images.xcassets */ = {isa = PBXFileReference; lastKnownFileType = folder.assetcatalog; path = Images.xcassets; sourceTree = "<group>"; };
		04D6FC811A4EBDB1008EB4F1 /* Base */ = {isa = PBXFileReference; lastKnownFileType = file.xib; name = Base; path = Base.lproj/LaunchScreen.xib; sourceTree = "<group>"; };
		04D6FC871A4EBDB1008EB4F1 /* 4-16Tests.xctest */ = {isa = PBXFileReference; explicitFileType = wrapper.cfbundle; includeInIndex = 0; path = "4-16Tests.xctest"; sourceTree = BUILT_PRODUCTS_DIR; };
		04D6FC8C1A4EBDB1008EB4F1 /* Info.plist */ = {isa = PBXFileReference; lastKnownFileType = text.plist.xml; path = Info.plist; sourceTree = "<group>"; };
		04D6FC8D1A4EBDB1008EB4F1 /* __16Tests.swift */ = {isa = PBXFileReference; lastKnownFileType = sourcecode.swift; path = __16Tests.swift; sourceTree = "<group>"; };
/* End PBXFileReference section */

/* Begin PBXFrameworksBuildPhase section */
		04D6FC6F1A4EBDB1008EB4F1 /* Frameworks */ = {
			isa = PBXFrameworksBuildPhase;
			buildActionMask = 2147483647;
			files = (
			);
			runOnlyForDeploymentPostprocessing = 0;
		};
		04D6FC841A4EBDB1008EB4F1 /* Frameworks */ = {
			isa = PBXFrameworksBuildPhase;
			buildActionMask = 2147483647;
			files = (
			);
			runOnlyForDeploymentPostprocessing = 0;
		};
/* End PBXFrameworksBuildPhase section */

/* Begin PBXGroup section */
		04D6FC691A4EBDB1008EB4F1 = {
			isa = PBXGroup;
			children = (
				04D6FC741A4EBDB1008EB4F1 /* 4-16 */,
				04D6FC8A1A4EBDB1008EB4F1 /* 4-16Tests */,
				04D6FC731A4EBDB1008EB4F1 /* Products */,
			);
			sourceTree = "<group>";
		};
		04D6FC731A4EBDB1008EB4F1 /* Products */ = {
			isa = PBXGroup;
			children = (
				04D6FC721A4EBDB1008EB4F1 /* 4-16.app */,
				04D6FC871A4EBDB1008EB4F1 /* 4-16Tests.xctest */,
			);
			name = Products;
			sourceTree = "<group>";
		};
		04D6FC741A4EBDB1008EB4F1 /* 4-16 */ = {
			isa = PBXGroup;
			children = (
				04D6FC771A4EBDB1008EB4F1 /* AppDelegate.swift */,
				04D6FC791A4EBDB1008EB4F1 /* ViewController.swift */,
				04D6FC7B1A4EBDB1008EB4F1 /* Main.storyboard */,
				04D6FC7E1A4EBDB1008EB4F1 /* Images.xcassets */,
				04D6FC801A4EBDB1008EB4F1 /* LaunchScreen.xib */,
				04D6FC751A4EBDB1008EB4F1 /* Supporting Files */,
			);
			path = "4-16";
			sourceTree = "<group>";
		};
		04D6FC751A4EBDB1008EB4F1 /* Supporting Files */ = {
			isa = PBXGroup;
			children = (
				04D6FC761A4EBDB1008EB4F1 /* Info.plist */,
			);
			name = "Supporting Files";
			sourceTree = "<group>";
		};
		04D6FC8A1A4EBDB1008EB4F1 /* 4-16Tests */ = {
			isa = PBXGroup;
			children = (
				04D6FC8D1A4EBDB1008EB4F1 /* __16Tests.swift */,
				04D6FC8B1A4EBDB1008EB4F1 /* Supporting Files */,
			);
			path = "4-16Tests";
			sourceTree = "<group>";
		};
		04D6FC8B1A4EBDB1008EB4F1 /* Supporting Files */ = {
			isa = PBXGroup;
			children = (
				04D6FC8C1A4EBDB1008EB4F1 /* Info.plist */,
			);
			name = "Supporting Files";
			sourceTree = "<group>";
		};
/* End PBXGroup section */

/* Begin PBXNativeTarget section */
		04D6FC711A4EBDB1008EB4F1 /* 4-16 */ = {
			isa = PBXNativeTarget;
			buildConfigurationList = 04D6FC911A4EBDB1008EB4F1 /* Build configuration list for PBXNativeTarget "4-16" */;
			buildPhases = (
				04D6FC6E1A4EBDB1008EB4F1 /* Sources */,
				04D6FC6F1A4EBDB1008EB4F1 /* Frameworks */,
				04D6FC701A4EBDB1008EB4F1 /* Resources */,
			);
			buildRules = (
			);
			dependencies = (
			);
			name = "4-16";
			productName = "4-16";
			productReference = 04D6FC721A4EBDB1008EB4F1 /* 4-16.app */;
			productType = "com.apple.product-type.application";
		};
		04D6FC861A4EBDB1008EB4F1 /* 4-16Tests */ = {
			isa = PBXNativeTarget;
			buildConfigurationList = 04D6FC941A4EBDB1008EB4F1 /* Build configuration list for PBXNativeTarget "4-16Tests" */;
			buildPhases = (
				04D6FC831A4EBDB1008EB4F1 /* Sources */,
				04D6FC841A4EBDB1008EB4F1 /* Frameworks */,
				04D6FC851A4EBDB1008EB4F1 /* Resources */,
			);
			buildRules = (
			);
			dependencies = (
				04D6FC891A4EBDB1008EB4F1 /* PBXTargetDependency */,
			);
			name = "4-16Tests";
			productName = "4-16Tests";
			productReference = 04D6FC871A4EBDB1008EB4F1 /* 4-16Tests.xctest */;
			productType = "com.apple.product-type.bundle.unit-test";
		};
/* End PBXNativeTarget section */

/* Begin PBXProject section */
		04D6FC6A1A4EBDB1008EB4F1 /* Project object */ = {
			isa = PBXProject;
			attributes = {
				LastUpgradeCheck = 0600;
				ORGANIZATIONNAME = Mac;
				TargetAttributes = {
					04D6FC711A4EBDB1008EB4F1 = {
						CreatedOnToolsVersion = 6.0.1;
					};
					04D6FC861A4EBDB1008EB4F1 = {
						CreatedOnToolsVersion = 6.0.1;
						TestTargetID = 04D6FC711A4EBDB1008EB4F1;
					};
				};
			};
			buildConfigurationList = 04D6FC6D1A4EBDB1008EB4F1 /* Build configuration list for PBXProject "4-16" */;
			compatibilityVersion = "Xcode 3.2";
			developmentRegion = English;
			hasScannedForEncodings = 0;
			knownRegions = (
				en,
				Base,
			);
			mainGroup = 04D6FC691A4EBDB1008EB4F1;
			productRefGroup = 04D6FC731A4EBDB1008EB4F1 /* Products */;
			projectDirPath = "";
			projectRoot = "";
			targets = (
				04D6FC711A4EBDB1008EB4F1 /* 4-16 */,
				04D6FC861A4EBDB1008EB4F1 /* 4-16Tests */,
			);
		};
/* End PBXProject section */

/* Begin PBXResourcesBuildPhase section */
		04D6FC701A4EBDB1008EB4F1 /* Resources */ = {
			isa = PBXResourcesBuildPhase;
			buildActionMask = 2147483647;
			files = (
				04D6FC7D1A4EBDB1008EB4F1 /* Main.storyboard in Resources */,
				04D6FC821A4EBDB1008EB4F1 /* LaunchScreen.xib in Resources */,
				04D6FC7F1A4EBDB1008EB4F1 /* Images.xcassets in Resources */,
			);
			runOnlyForDeploymentPostprocessing = 0;
		};
		04D6FC851A4EBDB1008EB4F1 /* Resources */ = {
			isa = PBXResourcesBuildPhase;
			buildActionMask = 2147483647;
			files = (
			);
			runOnlyForDeploymentPostprocessing = 0;
		};
/* End PBXResourcesBuildPhase section */

/* Begin PBXSourcesBuildPhase section */
		04D6FC6E1A4EBDB1008EB4F1 /* Sources */ = {
			isa = PBXSourcesBuildPhase;
			buildActionMask = 2147483647;
			files = (
				04D6FC7A1A4EBDB1008EB4F1 /* ViewController.swift in Sources */,
				04D6FC781A4EBDB1008EB4F1 /* AppDelegate.swift in Sources */,
			);
			runOnlyForDeploymentPostprocessing = 0;
		};
		04D6FC831A4EBDB1008EB4F1 /* Sources */ = {
			isa = PBXSourcesBuildPhase;
			buildActionMask = 2147483647;
			files = (
				04D6FC8E1A4EBDB1008EB4F1 /* __16Tests.swift in Sources */,
			);
			runOnlyForDeploymentPostprocessing = 0;
		};
/* End PBXSourcesBuildPhase section */

/* Begin PBXTargetDependency section */
		04D6FC891A4EBDB1008EB4F1 /* PBXTargetDependency */ = {
			isa = PBXTargetDependency;
			target = 04D6FC711A4EBDB1008EB4F1 /* 4-16 */;
			targetProxy = 04D6FC881A4EBDB1008EB4F1 /* PBXContainerItemProxy */;
		};
/* End PBXTargetDependency section */

/* Begin PBXVariantGroup section */
		04D6FC7B1A4EBDB1008EB4F1 /* Main.storyboard */ = {
			isa = PBXVariantGroup;
			children = (
				04D6FC7C1A4EBDB1008EB4F1 /* Base */,
			);
			name = Main.storyboard;
			sourceTree = "<group>";
		};
		04D6FC801A4EBDB1008EB4F1 /* LaunchScreen.xib */ = {
			isa = PBXVariantGroup;
			children = (
				04D6FC811A4EBDB1008EB4F1 /* Base */,
			);
			name = LaunchScreen.xib;
			sourceTree = "<group>";
		};
/* End PBXVariantGroup section */

/* Begin XCBuildConfiguration section */
		04D6FC8F1A4EBDB1008EB4F1 /* Debug */ = {
			isa = XCBuildConfiguration;
			buildSettings = {
				ALWAYS_SEARCH_USER_PATHS = NO;
				CLANG_CXX_LANGUAGE_STANDARD = "gnu++0x";
				CLANG_CXX_LIBRARY = "libc++";
				CLANG_ENABLE_MODULES = YES;
				CLANG_ENABLE_OBJC_ARC = YES;
				CLANG_WARN_BOOL_CONVERSION = YES;
				CLANG_WARN_CONSTANT_CONVERSION = YES;
				CLANG_WARN_DIRECT_OBJC_ISA_USAGE = YES_ERROR;
				CLANG_WARN_EMPTY_BODY = YES;
				CLANG_WARN_ENUM_CONVERSION = YES;
				CLANG_WARN_INT_CONVERSION = YES;
				CLANG_WARN_OBJC_ROOT_CLASS = YES_ERROR;
				CLANG_WARN_UNREACHABLE_CODE = YES;
				CLANG_WARN__DUPLICATE_METHOD_MATCH = YES;
				"CODE_SIGN_IDENTITY[sdk=iphoneos*]" = "iPhone Developer";
				COPY_PHASE_STRIP = NO;
				ENABLE_STRICT_OBJC_MSGSEND = YES;
				GCC_C_LANGUAGE_STANDARD = gnu99;
				GCC_DYNAMIC_NO_PIC = NO;
				GCC_OPTIMIZATION_LEVEL = 0;
				GCC_PREPROCESSOR_DEFINITIONS = (
					"DEBUG=1",
					"$(inherited)",
				);
				GCC_SYMBOLS_PRIVATE_EXTERN = NO;
				GCC_WARN_64_TO_32_BIT_CONVERSION = YES;
				GCC_WARN_ABOUT_RETURN_TYPE = YES_ERROR;
				GCC_WARN_UNDECLARED_SELECTOR = YES;
				GCC_WARN_UNINITIALIZED_AUTOS = YES_AGGRESSIVE;
				GCC_WARN_UNUSED_FUNCTION = YES;
				GCC_WARN_UNUSED_VARIABLE = YES;
				IPHONEOS_DEPLOYMENT_TARGET = 8.0;
				MTL_ENABLE_DEBUG_INFO = YES;
				ONLY_ACTIVE_ARCH = YES;
				SDKROOT = iphoneos;
				SWIFT_OPTIMIZATION_LEVEL = "-Onone";
			};
			name = Debug;
		};
		04D6FC901A4EBDB1008EB4F1 /* Release */ = {
			isa = XCBuildConfiguration;
			buildSettings = {
				ALWAYS_SEARCH_USER_PATHS = NO;
				CLANG_CXX_LANGUAGE_STANDARD = "gnu++0x";
				CLANG_CXX_LIBRARY = "libc++";
				CLANG_ENABLE_MODULES = YES;
				CLANG_ENABLE_OBJC_ARC = YES;
				CLANG_WARN_BOOL_CONVERSION = YES;
				CLANG_WARN_CONSTANT_CONVERSION = YES;
				CLANG_WARN_DIRECT_OBJC_ISA_USAGE = YES_ERROR;
				CLANG_WARN_EMPTY_BODY = YES;
				CLANG_WARN_ENUM_CONVERSION = YES;
				CLANG_WARN_INT_CONVERSION = YES;
				CLANG_WARN_OBJC_ROOT_CLASS = YES_ERROR;
				CLANG_WARN_UNREACHABLE_CODE = YES;
				CLANG_WARN__DUPLICATE_METHOD_MATCH = YES;
				"CODE_SIGN_IDENTITY[sdk=iphoneos*]" = "iPhone Developer";
				COPY_PHASE_STRIP = YES;
				ENABLE_NS_ASSERTIONS = NO;
				ENABLE_STRICT_OBJC_MSGSEND = YES;
				GCC_C_LANGUAGE_STANDARD = gnu99;
				GCC_WARN_64_TO_32_BIT_CONVERSION = YES;
				GCC_WARN_ABOUT_RETURN_TYPE = YES_ERROR;
				GCC_WARN_UNDECLARED_SELECTOR = YES;
				GCC_WARN_UNINITIALIZED_AUTOS = YES_AGGRESSIVE;
				GCC_WARN_UNUSED_FUNCTION = YES;
				GCC_WARN_UNUSED_VARIABLE = YES;
				IPHONEOS_DEPLOYMENT_TARGET = 8.0;
				MTL_ENABLE_DEBUG_INFO = NO;
				SDKROOT = iphoneos;
				VALIDATE_PRODUCT = YES;
			};
			name = Release;
		};
		04D6FC921A4EBDB1008EB4F1 /* Debug */ = {
			isa = XCBuildConfiguration;
			buildSettings = {
				ASSETCATALOG_COMPILER_APPICON_NAME = AppIcon;
				INFOPLIST_FILE = "4-16/Info.plist";
				LD_RUNPATH_SEARCH_PATHS = "$(inherited) @executable_path/Frameworks";
				PRODUCT_NAME = "$(TARGET_NAME)";
			};
			name = Debug;
		};
		04D6FC931A4EBDB1008EB4F1 /* Release */ = {
			isa = XCBuildConfiguration;
			buildSettings = {
				ASSETCATALOG_COMPILER_APPICON_NAME = AppIcon;
				INFOPLIST_FILE = "4-16/Info.plist";
				LD_RUNPATH_SEARCH_PATHS = "$(inherited) @executable_path/Frameworks";
				PRODUCT_NAME = "$(TARGET_NAME)";
			};
			name = Release;
		};
		04D6FC951A4EBDB1008EB4F1 /* Debug */ = {
			isa = XCBuildConfiguration;
			buildSettings = {
				BUNDLE_LOADER = "$(TEST_HOST)";
				FRAMEWORK_SEARCH_PATHS = (
					"$(SDKROOT)/Developer/Library/Frameworks",
					"$(inherited)",
				);
				GCC_PREPROCESSOR_DEFINITIONS = (
					"DEBUG=1",
					"$(inherited)",
				);
				INFOPLIST_FILE = "4-16Tests/Info.plist";
				LD_RUNPATH_SEARCH_PATHS = "$(inherited) @executable_path/Frameworks @loader_path/Frameworks";
				PRODUCT_NAME = "$(TARGET_NAME)";
				TEST_HOST = "$(BUILT_PRODUCTS_DIR)/4-16.app/4-16";
			};
			name = Debug;
		};
		04D6FC961A4EBDB1008EB4F1 /* Release */ = {
			isa = XCBuildConfiguration;
			buildSettings = {
				BUNDLE_LOADER = "$(TEST_HOST)";
				FRAMEWORK_SEARCH_PATHS = (
					"$(SDKROOT)/Developer/Library/Frameworks",
					"$(inherited)",
				);
				INFOPLIST_FILE = "4-16Tests/Info.plist";
				LD_RUNPATH_SEARCH_PATHS = "$(inherited) @executable_path/Frameworks @loader_path/Frameworks";
				PRODUCT_NAME = "$(TARGET_NAME)";
				TEST_HOST = "$(BUILT_PRODUCTS_DIR)/4-16.app/4-16";
			};
			name = Release;
		};
/* End XCBuildConfiguration section */

/* Begin XCConfigurationList section */
		04D6FC6D1A4EBDB1008EB4F1 /* Build configuration list for PBXProject "4-16" */ = {
			isa = XCConfigurationList;
			buildConfigurations = (
				04D6FC8F1A4EBDB1008EB4F1 /* Debug */,
				04D6FC901A4EBDB1008EB4F1 /* Release */,
			);
			defaultConfigurationIsVisible = 0;
			defaultConfigurationName = Release;
		};
		04D6FC911A4EBDB1008EB4F1 /* Build configuration list for PBXNativeTarget "4-16" */ = {
			isa = XCConfigurationList;
			buildConfigurations = (
				04D6FC921A4EBDB1008EB4F1 /* Debug */,
				04D6FC931A4EBDB1008EB4F1 /* Release */,
			);
			defaultConfigurationIsVisible = 0;
		};
		04D6FC941A4EBDB1008EB4F1 /* Build configuration list for PBXNativeTarget "4-16Tests" */ = {
			isa = XCConfigurationList;
			buildConfigurations = (
				04D6FC951A4EBDB1008EB4F1 /* Debug */,
				04D6FC961A4EBDB1008EB4F1 /* Release */,
			);
			defaultConfigurationIsVisible = 0;
		};
/* End XCConfigurationList section */
	};
	rootObject = 04D6FC6A1A4EBDB1008EB4F1 /* Project object */;
}
