// !$*UTF8*$!
{
	archiveVersion = 1;
	classes = {
	};
	objectVersion = 46;
	objects = {

/* Begin PBXBuildFile section */
		043E48771A512D6C00C127BB /* AppDelegate.swift in Sources */ = {isa = PBXBuildFile; fileRef = 043E48761A512D6C00C127BB /* AppDelegate.swift */; };
		043E48791A512D6C00C127BB /* ViewController.swift in Sources */ = {isa = PBXBuildFile; fileRef = 043E48781A512D6C00C127BB /* ViewController.swift */; };
		043E487C1A512D6C00C127BB /* Main.storyboard in Resources */ = {isa = PBXBuildFile; fileRef = 043E487A1A512D6C00C127BB /* Main.storyboard */; };
		043E487E1A512D6C00C127BB /* Images.xcassets in Resources */ = {isa = PBXBuildFile; fileRef = 043E487D1A512D6C00C127BB /* Images.xcassets */; };
		043E48811A512D6C00C127BB /* LaunchScreen.xib in Resources */ = {isa = PBXBuildFile; fileRef = 043E487F1A512D6C00C127BB /* LaunchScreen.xib */; };
		043E488D1A512D6C00C127BB /* __30Tests.swift in Sources */ = {isa = PBXBuildFile; fileRef = 043E488C1A512D6C00C127BB /* __30Tests.swift */; };
/* End PBXBuildFile section */

/* Begin PBXContainerItemProxy section */
		043E48871A512D6C00C127BB /* PBXContainerItemProxy */ = {
			isa = PBXContainerItemProxy;
			containerPortal = 043E48691A512D6C00C127BB /* Project object */;
			proxyType = 1;
			remoteGlobalIDString = 043E48701A512D6C00C127BB;
			remoteInfo = "4-30";
		};
/* End PBXContainerItemProxy section */

/* Begin PBXFileReference section */
		043E48711A512D6C00C127BB /* 4-30.app */ = {isa = PBXFileReference; explicitFileType = wrapper.application; includeInIndex = 0; path = "4-30.app"; sourceTree = BUILT_PRODUCTS_DIR; };
		043E48751A512D6C00C127BB /* Info.plist */ = {isa = PBXFileReference; lastKnownFileType = text.plist.xml; path = Info.plist; sourceTree = "<group>"; };
		043E48761A512D6C00C127BB /* AppDelegate.swift */ = {isa = PBXFileReference; lastKnownFileType = sourcecode.swift; path = AppDelegate.swift; sourceTree = "<group>"; };
		043E48781A512D6C00C127BB /* ViewController.swift */ = {isa = PBXFileReference; lastKnownFileType = sourcecode.swift; path = ViewController.swift; sourceTree = "<group>"; };
		043E487B1A512D6C00C127BB /* Base */ = {isa = PBXFileReference; lastKnownFileType = file.storyboard; name = Base; path = Base.lproj/Main.storyboard; sourceTree = "<group>"; };
		043E487D1A512D6C00C127BB /* Images.xcassets */ = {isa = PBXFileReference; lastKnownFileType = folder.assetcatalog; path = Images.xcassets; sourceTree = "<group>"; };
		043E48801A512D6C00C127BB /* Base */ = {isa = PBXFileReference; lastKnownFileType = file.xib; name = Base; path = Base.lproj/LaunchScreen.xib; sourceTree = "<group>"; };
		043E48861A512D6C00C127BB /* 4-30Tests.xctest */ = {isa = PBXFileReference; explicitFileType = wrapper.cfbundle; includeInIndex = 0; path = "4-30Tests.xctest"; sourceTree = BUILT_PRODUCTS_DIR; };
		043E488B1A512D6C00C127BB /* Info.plist */ = {isa = PBXFileReference; lastKnownFileType = text.plist.xml; path = Info.plist; sourceTree = "<group>"; };
		043E488C1A512D6C00C127BB /* __30Tests.swift */ = {isa = PBXFileReference; lastKnownFileType = sourcecode.swift; path = __30Tests.swift; sourceTree = "<group>"; };
/* End PBXFileReference section */

/* Begin PBXFrameworksBuildPhase section */
		043E486E1A512D6C00C127BB /* Frameworks */ = {
			isa = PBXFrameworksBuildPhase;
			buildActionMask = 2147483647;
			files = (
			);
			runOnlyForDeploymentPostprocessing = 0;
		};
		043E48831A512D6C00C127BB /* Frameworks */ = {
			isa = PBXFrameworksBuildPhase;
			buildActionMask = 2147483647;
			files = (
			);
			runOnlyForDeploymentPostprocessing = 0;
		};
/* End PBXFrameworksBuildPhase section */

/* Begin PBXGroup section */
		043E48681A512D6C00C127BB = {
			isa = PBXGroup;
			children = (
				043E48731A512D6C00C127BB /* 4-30 */,
				043E48891A512D6C00C127BB /* 4-30Tests */,
				043E48721A512D6C00C127BB /* Products */,
			);
			sourceTree = "<group>";
		};
		043E48721A512D6C00C127BB /* Products */ = {
			isa = PBXGroup;
			children = (
				043E48711A512D6C00C127BB /* 4-30.app */,
				043E48861A512D6C00C127BB /* 4-30Tests.xctest */,
			);
			name = Products;
			sourceTree = "<group>";
		};
		043E48731A512D6C00C127BB /* 4-30 */ = {
			isa = PBXGroup;
			children = (
				043E48761A512D6C00C127BB /* AppDelegate.swift */,
				043E48781A512D6C00C127BB /* ViewController.swift */,
				043E487A1A512D6C00C127BB /* Main.storyboard */,
				043E487D1A512D6C00C127BB /* Images.xcassets */,
				043E487F1A512D6C00C127BB /* LaunchScreen.xib */,
				043E48741A512D6C00C127BB /* Supporting Files */,
			);
			path = "4-30";
			sourceTree = "<group>";
		};
		043E48741A512D6C00C127BB /* Supporting Files */ = {
			isa = PBXGroup;
			children = (
				043E48751A512D6C00C127BB /* Info.plist */,
			);
			name = "Supporting Files";
			sourceTree = "<group>";
		};
		043E48891A512D6C00C127BB /* 4-30Tests */ = {
			isa = PBXGroup;
			children = (
				043E488C1A512D6C00C127BB /* __30Tests.swift */,
				043E488A1A512D6C00C127BB /* Supporting Files */,
			);
			path = "4-30Tests";
			sourceTree = "<group>";
		};
		043E488A1A512D6C00C127BB /* Supporting Files */ = {
			isa = PBXGroup;
			children = (
				043E488B1A512D6C00C127BB /* Info.plist */,
			);
			name = "Supporting Files";
			sourceTree = "<group>";
		};
/* End PBXGroup section */

/* Begin PBXNativeTarget section */
		043E48701A512D6C00C127BB /* 4-30 */ = {
			isa = PBXNativeTarget;
			buildConfigurationList = 043E48901A512D6C00C127BB /* Build configuration list for PBXNativeTarget "4-30" */;
			buildPhases = (
				043E486D1A512D6C00C127BB /* Sources */,
				043E486E1A512D6C00C127BB /* Frameworks */,
				043E486F1A512D6C00C127BB /* Resources */,
			);
			buildRules = (
			);
			dependencies = (
			);
			name = "4-30";
			productName = "4-30";
			productReference = 043E48711A512D6C00C127BB /* 4-30.app */;
			productType = "com.apple.product-type.application";
		};
		043E48851A512D6C00C127BB /* 4-30Tests */ = {
			isa = PBXNativeTarget;
			buildConfigurationList = 043E48931A512D6C00C127BB /* Build configuration list for PBXNativeTarget "4-30Tests" */;
			buildPhases = (
				043E48821A512D6C00C127BB /* Sources */,
				043E48831A512D6C00C127BB /* Frameworks */,
				043E48841A512D6C00C127BB /* Resources */,
			);
			buildRules = (
			);
			dependencies = (
				043E48881A512D6C00C127BB /* PBXTargetDependency */,
			);
			name = "4-30Tests";
			productName = "4-30Tests";
			productReference = 043E48861A512D6C00C127BB /* 4-30Tests.xctest */;
			productType = "com.apple.product-type.bundle.unit-test";
		};
/* End PBXNativeTarget section */

/* Begin PBXProject section */
		043E48691A512D6C00C127BB /* Project object */ = {
			isa = PBXProject;
			attributes = {
				LastUpgradeCheck = 0600;
				ORGANIZATIONNAME = Mac;
				TargetAttributes = {
					043E48701A512D6C00C127BB = {
						CreatedOnToolsVersion = 6.0.1;
					};
					043E48851A512D6C00C127BB = {
						CreatedOnToolsVersion = 6.0.1;
						TestTargetID = 043E48701A512D6C00C127BB;
					};
				};
			};
			buildConfigurationList = 043E486C1A512D6C00C127BB /* Build configuration list for PBXProject "4-30" */;
			compatibilityVersion = "Xcode 3.2";
			developmentRegion = English;
			hasScannedForEncodings = 0;
			knownRegions = (
				en,
				Base,
			);
			mainGroup = 043E48681A512D6C00C127BB;
			productRefGroup = 043E48721A512D6C00C127BB /* Products */;
			projectDirPath = "";
			projectRoot = "";
			targets = (
				043E48701A512D6C00C127BB /* 4-30 */,
				043E48851A512D6C00C127BB /* 4-30Tests */,
			);
		};
/* End PBXProject section */

/* Begin PBXResourcesBuildPhase section */
		043E486F1A512D6C00C127BB /* Resources */ = {
			isa = PBXResourcesBuildPhase;
			buildActionMask = 2147483647;
			files = (
				043E487C1A512D6C00C127BB /* Main.storyboard in Resources */,
				043E48811A512D6C00C127BB /* LaunchScreen.xib in Resources */,
				043E487E1A512D6C00C127BB /* Images.xcassets in Resources */,
			);
			runOnlyForDeploymentPostprocessing = 0;
		};
		043E48841A512D6C00C127BB /* Resources */ = {
			isa = PBXResourcesBuildPhase;
			buildActionMask = 2147483647;
			files = (
			);
			runOnlyForDeploymentPostprocessing = 0;
		};
/* End PBXResourcesBuildPhase section */

/* Begin PBXSourcesBuildPhase section */
		043E486D1A512D6C00C127BB /* Sources */ = {
			isa = PBXSourcesBuildPhase;
			buildActionMask = 2147483647;
			files = (
				043E48791A512D6C00C127BB /* ViewController.swift in Sources */,
				043E48771A512D6C00C127BB /* AppDelegate.swift in Sources */,
			);
			runOnlyForDeploymentPostprocessing = 0;
		};
		043E48821A512D6C00C127BB /* Sources */ = {
			isa = PBXSourcesBuildPhase;
			buildActionMask = 2147483647;
			files = (
				043E488D1A512D6C00C127BB /* __30Tests.swift in Sources */,
			);
			runOnlyForDeploymentPostprocessing = 0;
		};
/* End PBXSourcesBuildPhase section */

/* Begin PBXTargetDependency section */
		043E48881A512D6C00C127BB /* PBXTargetDependency */ = {
			isa = PBXTargetDependency;
			target = 043E48701A512D6C00C127BB /* 4-30 */;
			targetProxy = 043E48871A512D6C00C127BB /* PBXContainerItemProxy */;
		};
/* End PBXTargetDependency section */

/* Begin PBXVariantGroup section */
		043E487A1A512D6C00C127BB /* Main.storyboard */ = {
			isa = PBXVariantGroup;
			children = (
				043E487B1A512D6C00C127BB /* Base */,
			);
			name = Main.storyboard;
			sourceTree = "<group>";
		};
		043E487F1A512D6C00C127BB /* LaunchScreen.xib */ = {
			isa = PBXVariantGroup;
			children = (
				043E48801A512D6C00C127BB /* Base */,
			);
			name = LaunchScreen.xib;
			sourceTree = "<group>";
		};
/* End PBXVariantGroup section */

/* Begin XCBuildConfiguration section */
		043E488E1A512D6C00C127BB /* Debug */ = {
			isa = XCBuildConfiguration;
			buildSettings = {
				ALWAYS_SEARCH_USER_PATHS = NO;
				CLANG_CXX_LANGUAGE_STANDARD = "gnu++0x";
				CLANG_CXX_LIBRARY = "libc++";
				CLANG_ENABLE_MODULES = YES;
				CLANG_ENABLE_OBJC_ARC = YES;
				CLANG_WARN_BOOL_CONVERSION = YES;
				CLANG_WARN_CONSTANT_CONVERSION = YES;
				CLANG_WARN_DIRECT_OBJC_ISA_USAGE = YES_ERROR;
				CLANG_WARN_EMPTY_BODY = YES;
				CLANG_WARN_ENUM_CONVERSION = YES;
				CLANG_WARN_INT_CONVERSION = YES;
				CLANG_WARN_OBJC_ROOT_CLASS = YES_ERROR;
				CLANG_WARN_UNREACHABLE_CODE = YES;
				CLANG_WARN__DUPLICATE_METHOD_MATCH = YES;
				"CODE_SIGN_IDENTITY[sdk=iphoneos*]" = "iPhone Developer";
				COPY_PHASE_STRIP = NO;
				ENABLE_STRICT_OBJC_MSGSEND = YES;
				GCC_C_LANGUAGE_STANDARD = gnu99;
				GCC_DYNAMIC_NO_PIC = NO;
				GCC_OPTIMIZATION_LEVEL = 0;
				GCC_PREPROCESSOR_DEFINITIONS = (
					"DEBUG=1",
					"$(inherited)",
				);
				GCC_SYMBOLS_PRIVATE_EXTERN = NO;
				GCC_WARN_64_TO_32_BIT_CONVERSION = YES;
				GCC_WARN_ABOUT_RETURN_TYPE = YES_ERROR;
				GCC_WARN_UNDECLARED_SELECTOR = YES;
				GCC_WARN_UNINITIALIZED_AUTOS = YES_AGGRESSIVE;
				GCC_WARN_UNUSED_FUNCTION = YES;
				GCC_WARN_UNUSED_VARIABLE = YES;
				IPHONEOS_DEPLOYMENT_TARGET = 8.0;
				MTL_ENABLE_DEBUG_INFO = YES;
				ONLY_ACTIVE_ARCH = YES;
				SDKROOT = iphoneos;
				SWIFT_OPTIMIZATION_LEVEL = "-Onone";
			};
			name = Debug;
		};
		043E488F1A512D6C00C127BB /* Release */ = {
			isa = XCBuildConfiguration;
			buildSettings = {
				ALWAYS_SEARCH_USER_PATHS = NO;
				CLANG_CXX_LANGUAGE_STANDARD = "gnu++0x";
				CLANG_CXX_LIBRARY = "libc++";
				CLANG_ENABLE_MODULES = YES;
				CLANG_ENABLE_OBJC_ARC = YES;
				CLANG_WARN_BOOL_CONVERSION = YES;
				CLANG_WARN_CONSTANT_CONVERSION = YES;
				CLANG_WARN_DIRECT_OBJC_ISA_USAGE = YES_ERROR;
				CLANG_WARN_EMPTY_BODY = YES;
				CLANG_WARN_ENUM_CONVERSION = YES;
				CLANG_WARN_INT_CONVERSION = YES;
				CLANG_WARN_OBJC_ROOT_CLASS = YES_ERROR;
				CLANG_WARN_UNREACHABLE_CODE = YES;
				CLANG_WARN__DUPLICATE_METHOD_MATCH = YES;
				"CODE_SIGN_IDENTITY[sdk=iphoneos*]" = "iPhone Developer";
				COPY_PHASE_STRIP = YES;
				ENABLE_NS_ASSERTIONS = NO;
				ENABLE_STRICT_OBJC_MSGSEND = YES;
				GCC_C_LANGUAGE_STANDARD = gnu99;
				GCC_WARN_64_TO_32_BIT_CONVERSION = YES;
				GCC_WARN_ABOUT_RETURN_TYPE = YES_ERROR;
				GCC_WARN_UNDECLARED_SELECTOR = YES;
				GCC_WARN_UNINITIALIZED_AUTOS = YES_AGGRESSIVE;
				GCC_WARN_UNUSED_FUNCTION = YES;
				GCC_WARN_UNUSED_VARIABLE = YES;
				IPHONEOS_DEPLOYMENT_TARGET = 8.0;
				MTL_ENABLE_DEBUG_INFO = NO;
				SDKROOT = iphoneos;
				VALIDATE_PRODUCT = YES;
			};
			name = Release;
		};
		043E48911A512D6C00C127BB /* Debug */ = {
			isa = XCBuildConfiguration;
			buildSettings = {
				ASSETCATALOG_COMPILER_APPICON_NAME = AppIcon;
				INFOPLIST_FILE = "4-30/Info.plist";
				LD_RUNPATH_SEARCH_PATHS = "$(inherited) @executable_path/Frameworks";
				PRODUCT_NAME = "$(TARGET_NAME)";
			};
			name = Debug;
		};
		043E48921A512D6C00C127BB /* Release */ = {
			isa = XCBuildConfiguration;
			buildSettings = {
				ASSETCATALOG_COMPILER_APPICON_NAME = AppIcon;
				INFOPLIST_FILE = "4-30/Info.plist";
				LD_RUNPATH_SEARCH_PATHS = "$(inherited) @executable_path/Frameworks";
				PRODUCT_NAME = "$(TARGET_NAME)";
			};
			name = Release;
		};
		043E48941A512D6C00C127BB /* Debug */ = {
			isa = XCBuildConfiguration;
			buildSettings = {
				BUNDLE_LOADER = "$(TEST_HOST)";
				FRAMEWORK_SEARCH_PATHS = (
					"$(SDKROOT)/Developer/Library/Frameworks",
					"$(inherited)",
				);
				GCC_PREPROCESSOR_DEFINITIONS = (
					"DEBUG=1",
					"$(inherited)",
				);
				INFOPLIST_FILE = "4-30Tests/Info.plist";
				LD_RUNPATH_SEARCH_PATHS = "$(inherited) @executable_path/Frameworks @loader_path/Frameworks";
				PRODUCT_NAME = "$(TARGET_NAME)";
				TEST_HOST = "$(BUILT_PRODUCTS_DIR)/4-30.app/4-30";
			};
			name = Debug;
		};
		043E48951A512D6C00C127BB /* Release */ = {
			isa = XCBuildConfiguration;
			buildSettings = {
				BUNDLE_LOADER = "$(TEST_HOST)";
				FRAMEWORK_SEARCH_PATHS = (
					"$(SDKROOT)/Developer/Library/Frameworks",
					"$(inherited)",
				);
				INFOPLIST_FILE = "4-30Tests/Info.plist";
				LD_RUNPATH_SEARCH_PATHS = "$(inherited) @executable_path/Frameworks @loader_path/Frameworks";
				PRODUCT_NAME = "$(TARGET_NAME)";
				TEST_HOST = "$(BUILT_PRODUCTS_DIR)/4-30.app/4-30";
			};
			name = Release;
		};
/* End XCBuildConfiguration section */

/* Begin XCConfigurationList section */
		043E486C1A512D6C00C127BB /* Build configuration list for PBXProject "4-30" */ = {
			isa = XCConfigurationList;
			buildConfigurations = (
				043E488E1A512D6C00C127BB /* Debug */,
				043E488F1A512D6C00C127BB /* Release */,
			);
			defaultConfigurationIsVisible = 0;
			defaultConfigurationName = Release;
		};
		043E48901A512D6C00C127BB /* Build configuration list for PBXNativeTarget "4-30" */ = {
			isa = XCConfigurationList;
			buildConfigurations = (
				043E48911A512D6C00C127BB /* Debug */,
				043E48921A512D6C00C127BB /* Release */,
			);
			defaultConfigurationIsVisible = 0;
		};
		043E48931A512D6C00C127BB /* Build configuration list for PBXNativeTarget "4-30Tests" */ = {
			isa = XCConfigurationList;
			buildConfigurations = (
				043E48941A512D6C00C127BB /* Debug */,
				043E48951A512D6C00C127BB /* Release */,
			);
			defaultConfigurationIsVisible = 0;
		};
/* End XCConfigurationList section */
	};
	rootObject = 043E48691A512D6C00C127BB /* Project object */;
}
