// !$*UTF8*$!
{
	archiveVersion = 1;
	classes = {
	};
	objectVersion = 46;
	objects = {

/* Begin PBXBuildFile section */
		04EDB2B71A442312007B165E /* AppDelegate.swift in Sources */ = {isa = PBXBuildFile; fileRef = 04EDB2B61A442312007B165E /* AppDelegate.swift */; };
		04EDB2B91A442312007B165E /* ViewController.swift in Sources */ = {isa = PBXBuildFile; fileRef = 04EDB2B81A442312007B165E /* ViewController.swift */; };
		04EDB2BC1A442312007B165E /* Main.storyboard in Resources */ = {isa = PBXBuildFile; fileRef = 04EDB2BA1A442312007B165E /* Main.storyboard */; };
		04EDB2BE1A442312007B165E /* Images.xcassets in Resources */ = {isa = PBXBuildFile; fileRef = 04EDB2BD1A442312007B165E /* Images.xcassets */; };
		04EDB2C11A442312007B165E /* LaunchScreen.xib in Resources */ = {isa = PBXBuildFile; fileRef = 04EDB2BF1A442312007B165E /* LaunchScreen.xib */; };
		04EDB2CD1A442312007B165E /* __22Tests.swift in Sources */ = {isa = PBXBuildFile; fileRef = 04EDB2CC1A442312007B165E /* __22Tests.swift */; };
/* End PBXBuildFile section */

/* Begin PBXContainerItemProxy section */
		04EDB2C71A442312007B165E /* PBXContainerItemProxy */ = {
			isa = PBXContainerItemProxy;
			containerPortal = 04EDB2A91A442312007B165E /* Project object */;
			proxyType = 1;
			remoteGlobalIDString = 04EDB2B01A442312007B165E;
			remoteInfo = "3-22";
		};
/* End PBXContainerItemProxy section */

/* Begin PBXFileReference section */
		04EDB2B11A442312007B165E /* 3-22.app */ = {isa = PBXFileReference; explicitFileType = wrapper.application; includeInIndex = 0; path = "3-22.app"; sourceTree = BUILT_PRODUCTS_DIR; };
		04EDB2B51A442312007B165E /* Info.plist */ = {isa = PBXFileReference; lastKnownFileType = text.plist.xml; path = Info.plist; sourceTree = "<group>"; };
		04EDB2B61A442312007B165E /* AppDelegate.swift */ = {isa = PBXFileReference; lastKnownFileType = sourcecode.swift; path = AppDelegate.swift; sourceTree = "<group>"; };
		04EDB2B81A442312007B165E /* ViewController.swift */ = {isa = PBXFileReference; lastKnownFileType = sourcecode.swift; path = ViewController.swift; sourceTree = "<group>"; };
		04EDB2BB1A442312007B165E /* Base */ = {isa = PBXFileReference; lastKnownFileType = file.storyboard; name = Base; path = Base.lproj/Main.storyboard; sourceTree = "<group>"; };
		04EDB2BD1A442312007B165E /* Images.xcassets */ = {isa = PBXFileReference; lastKnownFileType = folder.assetcatalog; path = Images.xcassets; sourceTree = "<group>"; };
		04EDB2C01A442312007B165E /* Base */ = {isa = PBXFileReference; lastKnownFileType = file.xib; name = Base; path = Base.lproj/LaunchScreen.xib; sourceTree = "<group>"; };
		04EDB2C61A442312007B165E /* 3-22Tests.xctest */ = {isa = PBXFileReference; explicitFileType = wrapper.cfbundle; includeInIndex = 0; path = "3-22Tests.xctest"; sourceTree = BUILT_PRODUCTS_DIR; };
		04EDB2CB1A442312007B165E /* Info.plist */ = {isa = PBXFileReference; lastKnownFileType = text.plist.xml; path = Info.plist; sourceTree = "<group>"; };
		04EDB2CC1A442312007B165E /* __22Tests.swift */ = {isa = PBXFileReference; lastKnownFileType = sourcecode.swift; path = __22Tests.swift; sourceTree = "<group>"; };
/* End PBXFileReference section */

/* Begin PBXFrameworksBuildPhase section */
		04EDB2AE1A442312007B165E /* Frameworks */ = {
			isa = PBXFrameworksBuildPhase;
			buildActionMask = 2147483647;
			files = (
			);
			runOnlyForDeploymentPostprocessing = 0;
		};
		04EDB2C31A442312007B165E /* Frameworks */ = {
			isa = PBXFrameworksBuildPhase;
			buildActionMask = 2147483647;
			files = (
			);
			runOnlyForDeploymentPostprocessing = 0;
		};
/* End PBXFrameworksBuildPhase section */

/* Begin PBXGroup section */
		04EDB2A81A442312007B165E = {
			isa = PBXGroup;
			children = (
				04EDB2B31A442312007B165E /* 3-22 */,
				04EDB2C91A442312007B165E /* 3-22Tests */,
				04EDB2B21A442312007B165E /* Products */,
			);
			sourceTree = "<group>";
		};
		04EDB2B21A442312007B165E /* Products */ = {
			isa = PBXGroup;
			children = (
				04EDB2B11A442312007B165E /* 3-22.app */,
				04EDB2C61A442312007B165E /* 3-22Tests.xctest */,
			);
			name = Products;
			sourceTree = "<group>";
		};
		04EDB2B31A442312007B165E /* 3-22 */ = {
			isa = PBXGroup;
			children = (
				04EDB2B61A442312007B165E /* AppDelegate.swift */,
				04EDB2B81A442312007B165E /* ViewController.swift */,
				04EDB2BA1A442312007B165E /* Main.storyboard */,
				04EDB2BD1A442312007B165E /* Images.xcassets */,
				04EDB2BF1A442312007B165E /* LaunchScreen.xib */,
				04EDB2B41A442312007B165E /* Supporting Files */,
			);
			path = "3-22";
			sourceTree = "<group>";
		};
		04EDB2B41A442312007B165E /* Supporting Files */ = {
			isa = PBXGroup;
			children = (
				04EDB2B51A442312007B165E /* Info.plist */,
			);
			name = "Supporting Files";
			sourceTree = "<group>";
		};
		04EDB2C91A442312007B165E /* 3-22Tests */ = {
			isa = PBXGroup;
			children = (
				04EDB2CC1A442312007B165E /* __22Tests.swift */,
				04EDB2CA1A442312007B165E /* Supporting Files */,
			);
			path = "3-22Tests";
			sourceTree = "<group>";
		};
		04EDB2CA1A442312007B165E /* Supporting Files */ = {
			isa = PBXGroup;
			children = (
				04EDB2CB1A442312007B165E /* Info.plist */,
			);
			name = "Supporting Files";
			sourceTree = "<group>";
		};
/* End PBXGroup section */

/* Begin PBXNativeTarget section */
		04EDB2B01A442312007B165E /* 3-22 */ = {
			isa = PBXNativeTarget;
			buildConfigurationList = 04EDB2D01A442312007B165E /* Build configuration list for PBXNativeTarget "3-22" */;
			buildPhases = (
				04EDB2AD1A442312007B165E /* Sources */,
				04EDB2AE1A442312007B165E /* Frameworks */,
				04EDB2AF1A442312007B165E /* Resources */,
			);
			buildRules = (
			);
			dependencies = (
			);
			name = "3-22";
			productName = "3-22";
			productReference = 04EDB2B11A442312007B165E /* 3-22.app */;
			productType = "com.apple.product-type.application";
		};
		04EDB2C51A442312007B165E /* 3-22Tests */ = {
			isa = PBXNativeTarget;
			buildConfigurationList = 04EDB2D31A442312007B165E /* Build configuration list for PBXNativeTarget "3-22Tests" */;
			buildPhases = (
				04EDB2C21A442312007B165E /* Sources */,
				04EDB2C31A442312007B165E /* Frameworks */,
				04EDB2C41A442312007B165E /* Resources */,
			);
			buildRules = (
			);
			dependencies = (
				04EDB2C81A442312007B165E /* PBXTargetDependency */,
			);
			name = "3-22Tests";
			productName = "3-22Tests";
			productReference = 04EDB2C61A442312007B165E /* 3-22Tests.xctest */;
			productType = "com.apple.product-type.bundle.unit-test";
		};
/* End PBXNativeTarget section */

/* Begin PBXProject section */
		04EDB2A91A442312007B165E /* Project object */ = {
			isa = PBXProject;
			attributes = {
				LastUpgradeCheck = 0600;
				ORGANIZATIONNAME = Mac;
				TargetAttributes = {
					04EDB2B01A442312007B165E = {
						CreatedOnToolsVersion = 6.0.1;
					};
					04EDB2C51A442312007B165E = {
						CreatedOnToolsVersion = 6.0.1;
						TestTargetID = 04EDB2B01A442312007B165E;
					};
				};
			};
			buildConfigurationList = 04EDB2AC1A442312007B165E /* Build configuration list for PBXProject "3-22" */;
			compatibilityVersion = "Xcode 3.2";
			developmentRegion = English;
			hasScannedForEncodings = 0;
			knownRegions = (
				en,
				Base,
			);
			mainGroup = 04EDB2A81A442312007B165E;
			productRefGroup = 04EDB2B21A442312007B165E /* Products */;
			projectDirPath = "";
			projectRoot = "";
			targets = (
				04EDB2B01A442312007B165E /* 3-22 */,
				04EDB2C51A442312007B165E /* 3-22Tests */,
			);
		};
/* End PBXProject section */

/* Begin PBXResourcesBuildPhase section */
		04EDB2AF1A442312007B165E /* Resources */ = {
			isa = PBXResourcesBuildPhase;
			buildActionMask = 2147483647;
			files = (
				04EDB2BC1A442312007B165E /* Main.storyboard in Resources */,
				04EDB2C11A442312007B165E /* LaunchScreen.xib in Resources */,
				04EDB2BE1A442312007B165E /* Images.xcassets in Resources */,
			);
			runOnlyForDeploymentPostprocessing = 0;
		};
		04EDB2C41A442312007B165E /* Resources */ = {
			isa = PBXResourcesBuildPhase;
			buildActionMask = 2147483647;
			files = (
			);
			runOnlyForDeploymentPostprocessing = 0;
		};
/* End PBXResourcesBuildPhase section */

/* Begin PBXSourcesBuildPhase section */
		04EDB2AD1A442312007B165E /* Sources */ = {
			isa = PBXSourcesBuildPhase;
			buildActionMask = 2147483647;
			files = (
				04EDB2B91A442312007B165E /* ViewController.swift in Sources */,
				04EDB2B71A442312007B165E /* AppDelegate.swift in Sources */,
			);
			runOnlyForDeploymentPostprocessing = 0;
		};
		04EDB2C21A442312007B165E /* Sources */ = {
			isa = PBXSourcesBuildPhase;
			buildActionMask = 2147483647;
			files = (
				04EDB2CD1A442312007B165E /* __22Tests.swift in Sources */,
			);
			runOnlyForDeploymentPostprocessing = 0;
		};
/* End PBXSourcesBuildPhase section */

/* Begin PBXTargetDependency section */
		04EDB2C81A442312007B165E /* PBXTargetDependency */ = {
			isa = PBXTargetDependency;
			target = 04EDB2B01A442312007B165E /* 3-22 */;
			targetProxy = 04EDB2C71A442312007B165E /* PBXContainerItemProxy */;
		};
/* End PBXTargetDependency section */

/* Begin PBXVariantGroup section */
		04EDB2BA1A442312007B165E /* Main.storyboard */ = {
			isa = PBXVariantGroup;
			children = (
				04EDB2BB1A442312007B165E /* Base */,
			);
			name = Main.storyboard;
			sourceTree = "<group>";
		};
		04EDB2BF1A442312007B165E /* LaunchScreen.xib */ = {
			isa = PBXVariantGroup;
			children = (
				04EDB2C01A442312007B165E /* Base */,
			);
			name = LaunchScreen.xib;
			sourceTree = "<group>";
		};
/* End PBXVariantGroup section */

/* Begin XCBuildConfiguration section */
		04EDB2CE1A442312007B165E /* Debug */ = {
			isa = XCBuildConfiguration;
			buildSettings = {
				ALWAYS_SEARCH_USER_PATHS = NO;
				CLANG_CXX_LANGUAGE_STANDARD = "gnu++0x";
				CLANG_CXX_LIBRARY = "libc++";
				CLANG_ENABLE_MODULES = YES;
				CLANG_ENABLE_OBJC_ARC = YES;
				CLANG_WARN_BOOL_CONVERSION = YES;
				CLANG_WARN_CONSTANT_CONVERSION = YES;
				CLANG_WARN_DIRECT_OBJC_ISA_USAGE = YES_ERROR;
				CLANG_WARN_EMPTY_BODY = YES;
				CLANG_WARN_ENUM_CONVERSION = YES;
				CLANG_WARN_INT_CONVERSION = YES;
				CLANG_WARN_OBJC_ROOT_CLASS = YES_ERROR;
				CLANG_WARN_UNREACHABLE_CODE = YES;
				CLANG_WARN__DUPLICATE_METHOD_MATCH = YES;
				"CODE_SIGN_IDENTITY[sdk=iphoneos*]" = "iPhone Developer";
				COPY_PHASE_STRIP = NO;
				ENABLE_STRICT_OBJC_MSGSEND = YES;
				GCC_C_LANGUAGE_STANDARD = gnu99;
				GCC_DYNAMIC_NO_PIC = NO;
				GCC_OPTIMIZATION_LEVEL = 0;
				GCC_PREPROCESSOR_DEFINITIONS = (
					"DEBUG=1",
					"$(inherited)",
				);
				GCC_SYMBOLS_PRIVATE_EXTERN = NO;
				GCC_WARN_64_TO_32_BIT_CONVERSION = YES;
				GCC_WARN_ABOUT_RETURN_TYPE = YES_ERROR;
				GCC_WARN_UNDECLARED_SELECTOR = YES;
				GCC_WARN_UNINITIALIZED_AUTOS = YES_AGGRESSIVE;
				GCC_WARN_UNUSED_FUNCTION = YES;
				GCC_WARN_UNUSED_VARIABLE = YES;
				IPHONEOS_DEPLOYMENT_TARGET = 8.0;
				MTL_ENABLE_DEBUG_INFO = YES;
				ONLY_ACTIVE_ARCH = YES;
				SDKROOT = iphoneos;
				SWIFT_OPTIMIZATION_LEVEL = "-Onone";
			};
			name = Debug;
		};
		04EDB2CF1A442312007B165E /* Release */ = {
			isa = XCBuildConfiguration;
			buildSettings = {
				ALWAYS_SEARCH_USER_PATHS = NO;
				CLANG_CXX_LANGUAGE_STANDARD = "gnu++0x";
				CLANG_CXX_LIBRARY = "libc++";
				CLANG_ENABLE_MODULES = YES;
				CLANG_ENABLE_OBJC_ARC = YES;
				CLANG_WARN_BOOL_CONVERSION = YES;
				CLANG_WARN_CONSTANT_CONVERSION = YES;
				CLANG_WARN_DIRECT_OBJC_ISA_USAGE = YES_ERROR;
				CLANG_WARN_EMPTY_BODY = YES;
				CLANG_WARN_ENUM_CONVERSION = YES;
				CLANG_WARN_INT_CONVERSION = YES;
				CLANG_WARN_OBJC_ROOT_CLASS = YES_ERROR;
				CLANG_WARN_UNREACHABLE_CODE = YES;
				CLANG_WARN__DUPLICATE_METHOD_MATCH = YES;
				"CODE_SIGN_IDENTITY[sdk=iphoneos*]" = "iPhone Developer";
				COPY_PHASE_STRIP = YES;
				ENABLE_NS_ASSERTIONS = NO;
				ENABLE_STRICT_OBJC_MSGSEND = YES;
				GCC_C_LANGUAGE_STANDARD = gnu99;
				GCC_WARN_64_TO_32_BIT_CONVERSION = YES;
				GCC_WARN_ABOUT_RETURN_TYPE = YES_ERROR;
				GCC_WARN_UNDECLARED_SELECTOR = YES;
				GCC_WARN_UNINITIALIZED_AUTOS = YES_AGGRESSIVE;
				GCC_WARN_UNUSED_FUNCTION = YES;
				GCC_WARN_UNUSED_VARIABLE = YES;
				IPHONEOS_DEPLOYMENT_TARGET = 8.0;
				MTL_ENABLE_DEBUG_INFO = NO;
				SDKROOT = iphoneos;
				VALIDATE_PRODUCT = YES;
			};
			name = Release;
		};
		04EDB2D11A442312007B165E /* Debug */ = {
			isa = XCBuildConfiguration;
			buildSettings = {
				ASSETCATALOG_COMPILER_APPICON_NAME = AppIcon;
				INFOPLIST_FILE = "3-22/Info.plist";
				LD_RUNPATH_SEARCH_PATHS = "$(inherited) @executable_path/Frameworks";
				PRODUCT_NAME = "$(TARGET_NAME)";
			};
			name = Debug;
		};
		04EDB2D21A442312007B165E /* Release */ = {
			isa = XCBuildConfiguration;
			buildSettings = {
				ASSETCATALOG_COMPILER_APPICON_NAME = AppIcon;
				INFOPLIST_FILE = "3-22/Info.plist";
				LD_RUNPATH_SEARCH_PATHS = "$(inherited) @executable_path/Frameworks";
				PRODUCT_NAME = "$(TARGET_NAME)";
			};
			name = Release;
		};
		04EDB2D41A442312007B165E /* Debug */ = {
			isa = XCBuildConfiguration;
			buildSettings = {
				BUNDLE_LOADER = "$(TEST_HOST)";
				FRAMEWORK_SEARCH_PATHS = (
					"$(SDKROOT)/Developer/Library/Frameworks",
					"$(inherited)",
				);
				GCC_PREPROCESSOR_DEFINITIONS = (
					"DEBUG=1",
					"$(inherited)",
				);
				INFOPLIST_FILE = "3-22Tests/Info.plist";
				LD_RUNPATH_SEARCH_PATHS = "$(inherited) @executable_path/Frameworks @loader_path/Frameworks";
				PRODUCT_NAME = "$(TARGET_NAME)";
				TEST_HOST = "$(BUILT_PRODUCTS_DIR)/3-22.app/3-22";
			};
			name = Debug;
		};
		04EDB2D51A442312007B165E /* Release */ = {
			isa = XCBuildConfiguration;
			buildSettings = {
				BUNDLE_LOADER = "$(TEST_HOST)";
				FRAMEWORK_SEARCH_PATHS = (
					"$(SDKROOT)/Developer/Library/Frameworks",
					"$(inherited)",
				);
				INFOPLIST_FILE = "3-22Tests/Info.plist";
				LD_RUNPATH_SEARCH_PATHS = "$(inherited) @executable_path/Frameworks @loader_path/Frameworks";
				PRODUCT_NAME = "$(TARGET_NAME)";
				TEST_HOST = "$(BUILT_PRODUCTS_DIR)/3-22.app/3-22";
			};
			name = Release;
		};
/* End XCBuildConfiguration section */

/* Begin XCConfigurationList section */
		04EDB2AC1A442312007B165E /* Build configuration list for PBXProject "3-22" */ = {
			isa = XCConfigurationList;
			buildConfigurations = (
				04EDB2CE1A442312007B165E /* Debug */,
				04EDB2CF1A442312007B165E /* Release */,
			);
			defaultConfigurationIsVisible = 0;
			defaultConfigurationName = Release;
		};
		04EDB2D01A442312007B165E /* Build configuration list for PBXNativeTarget "3-22" */ = {
			isa = XCConfigurationList;
			buildConfigurations = (
				04EDB2D11A442312007B165E /* Debug */,
				04EDB2D21A442312007B165E /* Release */,
			);
			defaultConfigurationIsVisible = 0;
		};
		04EDB2D31A442312007B165E /* Build configuration list for PBXNativeTarget "3-22Tests" */ = {
			isa = XCConfigurationList;
			buildConfigurations = (
				04EDB2D41A442312007B165E /* Debug */,
				04EDB2D51A442312007B165E /* Release */,
			);
			defaultConfigurationIsVisible = 0;
		};
/* End XCConfigurationList section */
	};
	rootObject = 04EDB2A91A442312007B165E /* Project object */;
}
